// !$*UTF8*$!
{
	archiveVersion = 1;
	classes = {
	};
	objectVersion = 55;
	objects = {

/* Begin PBXBuildFile section */
		EB0B3608295A995700BD4713 /* HeaderLargeView.swift in Sources */ = {isa = PBXBuildFile; fileRef = EB0B3607295A995700BD4713 /* HeaderLargeView.swift */; };
		EB0B360E295AB31D00BD4713 /* HomeViewController.swift in Sources */ = {isa = PBXBuildFile; fileRef = EB0B360D295AB31D00BD4713 /* HomeViewController.swift */; };
		EBE8F3FF2953D4E0001BC7B7 /* AppDelegate.swift in Sources */ = {isa = PBXBuildFile; fileRef = EBE8F3FE2953D4E0001BC7B7 /* AppDelegate.swift */; };
		EBE8F4012953D4E0001BC7B7 /* SceneDelegate.swift in Sources */ = {isa = PBXBuildFile; fileRef = EBE8F4002953D4E0001BC7B7 /* SceneDelegate.swift */; };
		EBE8F4062953D4E0001BC7B7 /* Main.storyboard in Resources */ = {isa = PBXBuildFile; fileRef = EBE8F4042953D4E0001BC7B7 /* Main.storyboard */; };
		EBE8F4082953D4E2001BC7B7 /* Assets.xcassets in Resources */ = {isa = PBXBuildFile; fileRef = EBE8F4072953D4E2001BC7B7 /* Assets.xcassets */; };
		EBE8F40B2953D4E2001BC7B7 /* LaunchScreen.storyboard in Resources */ = {isa = PBXBuildFile; fileRef = EBE8F4092953D4E2001BC7B7 /* LaunchScreen.storyboard */; };
		EBF827DA295AF1350042DA9B /* TabSearchViewController.swift in Sources */ = {isa = PBXBuildFile; fileRef = EBF827D9295AF1350042DA9B /* TabSearchViewController.swift */; };
		FF29F9D8295B5DDC000D3183 /* HeaderLargeView.xib in Resources */ = {isa = PBXBuildFile; fileRef = FF29F9D7295B5DDC000D3183 /* HeaderLargeView.xib */; };
		FFFB9357295B5A6100191939 /* Home.storyboard in Resources */ = {isa = PBXBuildFile; fileRef = FFFB9355295B5A6100191939 /* Home.storyboard */; };
		FFFB935A295B5ACE00191939 /* Activity.storyboard in Resources */ = {isa = PBXBuildFile; fileRef = FFFB9359295B5ACE00191939 /* Activity.storyboard */; };
		FFFB935E295B5AFD00191939 /* Dining.storyboard in Resources */ = {isa = PBXBuildFile; fileRef = FFFB935C295B5AFD00191939 /* Dining.storyboard */; };
		FFFB9361295B5B2400191939 /* Events.storyboard in Resources */ = {isa = PBXBuildFile; fileRef = FFFB9360295B5B2400191939 /* Events.storyboard */; };
		FFFB9365295B5B4E00191939 /* Cinema.storyboard in Resources */ = {isa = PBXBuildFile; fileRef = FFFB9363295B5B4E00191939 /* Cinema.storyboard */; };
/* End PBXBuildFile section */

/* Begin PBXFileReference section */
		EB0B3607295A995700BD4713 /* HeaderLargeView.swift */ = {isa = PBXFileReference; lastKnownFileType = sourcecode.swift; path = HeaderLargeView.swift; sourceTree = "<group>"; };
		EB0B360D295AB31D00BD4713 /* HomeViewController.swift */ = {isa = PBXFileReference; lastKnownFileType = sourcecode.swift; path = HomeViewController.swift; sourceTree = "<group>"; };
		EBE8F3FB2953D4E0001BC7B7 /* WhatDo.app */ = {isa = PBXFileReference; explicitFileType = wrapper.application; includeInIndex = 0; path = WhatDo.app; sourceTree = BUILT_PRODUCTS_DIR; };
		EBE8F3FE2953D4E0001BC7B7 /* AppDelegate.swift */ = {isa = PBXFileReference; lastKnownFileType = sourcecode.swift; path = AppDelegate.swift; sourceTree = "<group>"; };
		EBE8F4002953D4E0001BC7B7 /* SceneDelegate.swift */ = {isa = PBXFileReference; lastKnownFileType = sourcecode.swift; path = SceneDelegate.swift; sourceTree = "<group>"; };
		EBE8F4052953D4E0001BC7B7 /* Base */ = {isa = PBXFileReference; lastKnownFileType = file.storyboard; name = Base; path = Base.lproj/Main.storyboard; sourceTree = "<group>"; };
		EBE8F4072953D4E2001BC7B7 /* Assets.xcassets */ = {isa = PBXFileReference; lastKnownFileType = folder.assetcatalog; path = Assets.xcassets; sourceTree = "<group>"; };
		EBE8F40A2953D4E2001BC7B7 /* Base */ = {isa = PBXFileReference; lastKnownFileType = file.storyboard; name = Base; path = Base.lproj/LaunchScreen.storyboard; sourceTree = "<group>"; };
		EBE8F40C2953D4E2001BC7B7 /* Info.plist */ = {isa = PBXFileReference; lastKnownFileType = text.plist.xml; path = Info.plist; sourceTree = "<group>"; };
		EBF827D9295AF1350042DA9B /* TabSearchViewController.swift */ = {isa = PBXFileReference; lastKnownFileType = sourcecode.swift; path = TabSearchViewController.swift; sourceTree = "<group>"; };
		FF29F9D7295B5DDC000D3183 /* HeaderLargeView.xib */ = {isa = PBXFileReference; fileEncoding = 4; lastKnownFileType = file.xib; path = HeaderLargeView.xib; sourceTree = "<group>"; };
		FFFB9356295B5A6100191939 /* Base */ = {isa = PBXFileReference; lastKnownFileType = file.storyboard; name = Base; path = WhatDo/Storyboards/Base.lproj/Home.storyboard; sourceTree = "<group>"; };
		FFFB9359295B5ACE00191939 /* Activity.storyboard */ = {isa = PBXFileReference; fileEncoding = 4; lastKnownFileType = file.storyboard; path = Activity.storyboard; sourceTree = "<group>"; };
		FFFB935D295B5AFD00191939 /* Base */ = {isa = PBXFileReference; lastKnownFileType = file.storyboard; name = Base; path = WhatDo/Storyboards/Base.lproj/Dining.storyboard; sourceTree = "<group>"; };
		FFFB9360295B5B2400191939 /* Events.storyboard */ = {isa = PBXFileReference; fileEncoding = 4; lastKnownFileType = file.storyboard; path = Events.storyboard; sourceTree = "<group>"; };
		FFFB9364295B5B4E00191939 /* Base */ = {isa = PBXFileReference; lastKnownFileType = file.storyboard; name = Base; path = WhatDo/Storyboards/Base.lproj/Cinema.storyboard; sourceTree = "<group>"; };
/* End PBXFileReference section */

/* Begin PBXFrameworksBuildPhase section */
		EBE8F3F82953D4E0001BC7B7 /* Frameworks */ = {
			isa = PBXFrameworksBuildPhase;
			buildActionMask = 2147483647;
			files = (
			);
			runOnlyForDeploymentPostprocessing = 0;
		};
/* End PBXFrameworksBuildPhase section */

/* Begin PBXGroup section */
		EBE8F3F22953D4E0001BC7B7 = {
			isa = PBXGroup;
			children = (
				EBE8F3FD2953D4E0001BC7B7 /* WhatDo */,
				EBE8F3FC2953D4E0001BC7B7 /* Products */,
			);
			sourceTree = "<group>";
		};
		EBE8F3FC2953D4E0001BC7B7 /* Products */ = {
			isa = PBXGroup;
			children = (
				EBE8F3FB2953D4E0001BC7B7 /* WhatDo.app */,
			);
			name = Products;
			sourceTree = "<group>";
		};
		EBE8F3FD2953D4E0001BC7B7 /* WhatDo */ = {
			isa = PBXGroup;
			children = (
				FFFB9367295B5BAA00191939 /* Resources */,
				FFFB9366295B5B5300191939 /* Cinema */,
				FFFB935F295B5B0400191939 /* Dining */,
				FFFB9362295B5B2A00191939 /* Events */,
				FFFB935B295B5ADF00191939 /* Activity */,
				FFFB9358295B5A8800191939 /* Home */,
				FFD1A6AA2954FD8C0021D539 /* Main */,
				FFFB9368295B5BDF00191939 /* Header View */,
			);
			path = WhatDo;
			sourceTree = "<group>";
		};
		FFD1A6AA2954FD8C0021D539 /* Main */ = {
			isa = PBXGroup;
			children = (
				EBE8F4042953D4E0001BC7B7 /* Main.storyboard */,
			);
			path = Main;
			sourceTree = "<group>";
		};
		FFFB9358295B5A8800191939 /* Home */ = {
			isa = PBXGroup;
			children = (
				EB0B360D295AB31D00BD4713 /* HomeViewController.swift */,
				FFFB9355295B5A6100191939 /* Home.storyboard */,
			);
			path = Home;
			sourceTree = "<group>";
		};
		FFFB935B295B5ADF00191939 /* Activity */ = {
			isa = PBXGroup;
			children = (
				EBF827D9295AF1350042DA9B /* TabSearchViewController.swift */,
				FFFB9359295B5ACE00191939 /* Activity.storyboard */,
			);
			path = Activity;
			sourceTree = "<group>";
		};
		FFFB935F295B5B0400191939 /* Dining */ = {
			isa = PBXGroup;
			children = (
				FFFB935C295B5AFD00191939 /* Dining.storyboard */,
			);
			path = Dining;
			sourceTree = "<group>";
		};
		FFFB9362295B5B2A00191939 /* Events */ = {
			isa = PBXGroup;
			children = (
				FFFB9360295B5B2400191939 /* Events.storyboard */,
			);
			path = Events;
			sourceTree = "<group>";
		};
		FFFB9366295B5B5300191939 /* Cinema */ = {
			isa = PBXGroup;
			children = (
				FFFB9363295B5B4E00191939 /* Cinema.storyboard */,
			);
			path = Cinema;
			sourceTree = "<group>";
		};
		FFFB9367295B5BAA00191939 /* Resources */ = {
			isa = PBXGroup;
			children = (
				EBE8F40C2953D4E2001BC7B7 /* Info.plist */,
				EBE8F3FE2953D4E0001BC7B7 /* AppDelegate.swift */,
				EBE8F4002953D4E0001BC7B7 /* SceneDelegate.swift */,
				EBE8F4072953D4E2001BC7B7 /* Assets.xcassets */,
				EBE8F4092953D4E2001BC7B7 /* LaunchScreen.storyboard */,
			);
			path = Resources;
			sourceTree = "<group>";
		};
		FFFB9368295B5BDF00191939 /* Header View */ = {
			isa = PBXGroup;
			children = (
				FF29F9D7295B5DDC000D3183 /* HeaderLargeView.xib */,
				EB0B3607295A995700BD4713 /* HeaderLargeView.swift */,
			);
			path = "Header View";
			sourceTree = "<group>";
		};
/* End PBXGroup section */

/* Begin PBXNativeTarget section */
		EBE8F3FA2953D4E0001BC7B7 /* WhatDo */ = {
			isa = PBXNativeTarget;
			buildConfigurationList = EBE8F40F2953D4E2001BC7B7 /* Build configuration list for PBXNativeTarget "WhatDo" */;
			buildPhases = (
				EBE8F3F72953D4E0001BC7B7 /* Sources */,
				EBE8F3F82953D4E0001BC7B7 /* Frameworks */,
				EBE8F3F92953D4E0001BC7B7 /* Resources */,
			);
			buildRules = (
			);
			dependencies = (
			);
			name = WhatDo;
			productName = WhatDo;
			productReference = EBE8F3FB2953D4E0001BC7B7 /* WhatDo.app */;
			productType = "com.apple.product-type.application";
		};
/* End PBXNativeTarget section */

/* Begin PBXProject section */
		EBE8F3F32953D4E0001BC7B7 /* Project object */ = {
			isa = PBXProject;
			attributes = {
				BuildIndependentTargetsInParallel = 1;
				LastSwiftUpdateCheck = 1420;
				LastUpgradeCheck = 1420;
				TargetAttributes = {
					EBE8F3FA2953D4E0001BC7B7 = {
						CreatedOnToolsVersion = 14.2;
					};
				};
			};
			buildConfigurationList = EBE8F3F62953D4E0001BC7B7 /* Build configuration list for PBXProject "WhatDo" */;
			compatibilityVersion = "Xcode 13.0";
			developmentRegion = en;
			hasScannedForEncodings = 0;
			knownRegions = (
				en,
				Base,
			);
			mainGroup = EBE8F3F22953D4E0001BC7B7;
			productRefGroup = EBE8F3FC2953D4E0001BC7B7 /* Products */;
			projectDirPath = "";
			projectRoot = "";
			targets = (
				EBE8F3FA2953D4E0001BC7B7 /* WhatDo */,
			);
		};
/* End PBXProject section */

/* Begin PBXResourcesBuildPhase section */
		EBE8F3F92953D4E0001BC7B7 /* Resources */ = {
			isa = PBXResourcesBuildPhase;
			buildActionMask = 2147483647;
			files = (
				FFFB935E295B5AFD00191939 /* Dining.storyboard in Resources */,
				FFFB935A295B5ACE00191939 /* Activity.storyboard in Resources */,
				FFFB9357295B5A6100191939 /* Home.storyboard in Resources */,
				FF29F9D8295B5DDC000D3183 /* HeaderLargeView.xib in Resources */,
				FFFB9365295B5B4E00191939 /* Cinema.storyboard in Resources */,
				EBE8F40B2953D4E2001BC7B7 /* LaunchScreen.storyboard in Resources */,
				FFFB9361295B5B2400191939 /* Events.storyboard in Resources */,
				EBE8F4082953D4E2001BC7B7 /* Assets.xcassets in Resources */,
				EBE8F4062953D4E0001BC7B7 /* Main.storyboard in Resources */,
			);
			runOnlyForDeploymentPostprocessing = 0;
		};
/* End PBXResourcesBuildPhase section */

/* Begin PBXSourcesBuildPhase section */
		EBE8F3F72953D4E0001BC7B7 /* Sources */ = {
			isa = PBXSourcesBuildPhase;
			buildActionMask = 2147483647;
			files = (
				EB0B360E295AB31D00BD4713 /* HomeViewController.swift in Sources */,
				EBE8F3FF2953D4E0001BC7B7 /* AppDelegate.swift in Sources */,
				EBF827DA295AF1350042DA9B /* TabSearchViewController.swift in Sources */,
				EBE8F4012953D4E0001BC7B7 /* SceneDelegate.swift in Sources */,
				EB0B3608295A995700BD4713 /* HeaderLargeView.swift in Sources */,
			);
			runOnlyForDeploymentPostprocessing = 0;
		};
/* End PBXSourcesBuildPhase section */

/* Begin PBXVariantGroup section */
		EBE8F4042953D4E0001BC7B7 /* Main.storyboard */ = {
			isa = PBXVariantGroup;
			children = (
				EBE8F4052953D4E0001BC7B7 /* Base */,
			);
			name = Main.storyboard;
			sourceTree = "<group>";
		};
		EBE8F4092953D4E2001BC7B7 /* LaunchScreen.storyboard */ = {
			isa = PBXVariantGroup;
			children = (
				EBE8F40A2953D4E2001BC7B7 /* Base */,
			);
			name = LaunchScreen.storyboard;
			sourceTree = "<group>";
		};
		FFFB9355295B5A6100191939 /* Home.storyboard */ = {
			isa = PBXVariantGroup;
			children = (
				FFFB9356295B5A6100191939 /* Base */,
			);
			name = Home.storyboard;
			sourceTree = "<group>";
		};
		FFFB935C295B5AFD00191939 /* Dining.storyboard */ = {
			isa = PBXVariantGroup;
			children = (
				FFFB935D295B5AFD00191939 /* Base */,
			);
			name = Dining.storyboard;
			sourceTree = "<group>";
		};
		FFFB9363295B5B4E00191939 /* Cinema.storyboard */ = {
			isa = PBXVariantGroup;
			children = (
				FFFB9364295B5B4E00191939 /* Base */,
			);
			name = Cinema.storyboard;
			sourceTree = "<group>";
		};
/* End PBXVariantGroup section */

/* Begin XCBuildConfiguration section */
		EBE8F40D2953D4E2001BC7B7 /* Debug */ = {
			isa = XCBuildConfiguration;
			buildSettings = {
				ALWAYS_SEARCH_USER_PATHS = NO;
				CLANG_ANALYZER_NONNULL = YES;
				CLANG_ANALYZER_NUMBER_OBJECT_CONVERSION = YES_AGGRESSIVE;
				CLANG_CXX_LANGUAGE_STANDARD = "gnu++20";
				CLANG_ENABLE_MODULES = YES;
				CLANG_ENABLE_OBJC_ARC = YES;
				CLANG_ENABLE_OBJC_WEAK = YES;
				CLANG_WARN_BLOCK_CAPTURE_AUTORELEASING = YES;
				CLANG_WARN_BOOL_CONVERSION = YES;
				CLANG_WARN_COMMA = YES;
				CLANG_WARN_CONSTANT_CONVERSION = YES;
				CLANG_WARN_DEPRECATED_OBJC_IMPLEMENTATIONS = YES;
				CLANG_WARN_DIRECT_OBJC_ISA_USAGE = YES_ERROR;
				CLANG_WARN_DOCUMENTATION_COMMENTS = YES;
				CLANG_WARN_EMPTY_BODY = YES;
				CLANG_WARN_ENUM_CONVERSION = YES;
				CLANG_WARN_INFINITE_RECURSION = YES;
				CLANG_WARN_INT_CONVERSION = YES;
				CLANG_WARN_NON_LITERAL_NULL_CONVERSION = YES;
				CLANG_WARN_OBJC_IMPLICIT_RETAIN_SELF = YES;
				CLANG_WARN_OBJC_LITERAL_CONVERSION = YES;
				CLANG_WARN_OBJC_ROOT_CLASS = YES_ERROR;
				CLANG_WARN_QUOTED_INCLUDE_IN_FRAMEWORK_HEADER = YES;
				CLANG_WARN_RANGE_LOOP_ANALYSIS = YES;
				CLANG_WARN_STRICT_PROTOTYPES = YES;
				CLANG_WARN_SUSPICIOUS_MOVE = YES;
				CLANG_WARN_UNGUARDED_AVAILABILITY = YES_AGGRESSIVE;
				CLANG_WARN_UNREACHABLE_CODE = YES;
				CLANG_WARN__DUPLICATE_METHOD_MATCH = YES;
				COPY_PHASE_STRIP = NO;
				DEBUG_INFORMATION_FORMAT = dwarf;
				ENABLE_STRICT_OBJC_MSGSEND = YES;
				ENABLE_TESTABILITY = YES;
				GCC_C_LANGUAGE_STANDARD = gnu11;
				GCC_DYNAMIC_NO_PIC = NO;
				GCC_NO_COMMON_BLOCKS = YES;
				GCC_OPTIMIZATION_LEVEL = 0;
				GCC_PREPROCESSOR_DEFINITIONS = (
					"DEBUG=1",
					"$(inherited)",
				);
				GCC_WARN_64_TO_32_BIT_CONVERSION = YES;
				GCC_WARN_ABOUT_RETURN_TYPE = YES_ERROR;
				GCC_WARN_UNDECLARED_SELECTOR = YES;
				GCC_WARN_UNINITIALIZED_AUTOS = YES_AGGRESSIVE;
				GCC_WARN_UNUSED_FUNCTION = YES;
				GCC_WARN_UNUSED_VARIABLE = YES;
				IPHONEOS_DEPLOYMENT_TARGET = 16.2;
				MTL_ENABLE_DEBUG_INFO = INCLUDE_SOURCE;
				MTL_FAST_MATH = YES;
				ONLY_ACTIVE_ARCH = YES;
				SDKROOT = iphoneos;
				SWIFT_ACTIVE_COMPILATION_CONDITIONS = DEBUG;
				SWIFT_OPTIMIZATION_LEVEL = "-Onone";
			};
			name = Debug;
		};
		EBE8F40E2953D4E2001BC7B7 /* Release */ = {
			isa = XCBuildConfiguration;
			buildSettings = {
				ALWAYS_SEARCH_USER_PATHS = NO;
				CLANG_ANALYZER_NONNULL = YES;
				CLANG_ANALYZER_NUMBER_OBJECT_CONVERSION = YES_AGGRESSIVE;
				CLANG_CXX_LANGUAGE_STANDARD = "gnu++20";
				CLANG_ENABLE_MODULES = YES;
				CLANG_ENABLE_OBJC_ARC = YES;
				CLANG_ENABLE_OBJC_WEAK = YES;
				CLANG_WARN_BLOCK_CAPTURE_AUTORELEASING = YES;
				CLANG_WARN_BOOL_CONVERSION = YES;
				CLANG_WARN_COMMA = YES;
				CLANG_WARN_CONSTANT_CONVERSION = YES;
				CLANG_WARN_DEPRECATED_OBJC_IMPLEMENTATIONS = YES;
				CLANG_WARN_DIRECT_OBJC_ISA_USAGE = YES_ERROR;
				CLANG_WARN_DOCUMENTATION_COMMENTS = YES;
				CLANG_WARN_EMPTY_BODY = YES;
				CLANG_WARN_ENUM_CONVERSION = YES;
				CLANG_WARN_INFINITE_RECURSION = YES;
				CLANG_WARN_INT_CONVERSION = YES;
				CLANG_WARN_NON_LITERAL_NULL_CONVERSION = YES;
				CLANG_WARN_OBJC_IMPLICIT_RETAIN_SELF = YES;
				CLANG_WARN_OBJC_LITERAL_CONVERSION = YES;
				CLANG_WARN_OBJC_ROOT_CLASS = YES_ERROR;
				CLANG_WARN_QUOTED_INCLUDE_IN_FRAMEWORK_HEADER = YES;
				CLANG_WARN_RANGE_LOOP_ANALYSIS = YES;
				CLANG_WARN_STRICT_PROTOTYPES = YES;
				CLANG_WARN_SUSPICIOUS_MOVE = YES;
				CLANG_WARN_UNGUARDED_AVAILABILITY = YES_AGGRESSIVE;
				CLANG_WARN_UNREACHABLE_CODE = YES;
				CLANG_WARN__DUPLICATE_METHOD_MATCH = YES;
				COPY_PHASE_STRIP = NO;
				DEBUG_INFORMATION_FORMAT = "dwarf-with-dsym";
				ENABLE_NS_ASSERTIONS = NO;
				ENABLE_STRICT_OBJC_MSGSEND = YES;
				GCC_C_LANGUAGE_STANDARD = gnu11;
				GCC_NO_COMMON_BLOCKS = YES;
				GCC_WARN_64_TO_32_BIT_CONVERSION = YES;
				GCC_WARN_ABOUT_RETURN_TYPE = YES_ERROR;
				GCC_WARN_UNDECLARED_SELECTOR = YES;
				GCC_WARN_UNINITIALIZED_AUTOS = YES_AGGRESSIVE;
				GCC_WARN_UNUSED_FUNCTION = YES;
				GCC_WARN_UNUSED_VARIABLE = YES;
				IPHONEOS_DEPLOYMENT_TARGET = 16.2;
				MTL_ENABLE_DEBUG_INFO = NO;
				MTL_FAST_MATH = YES;
				SDKROOT = iphoneos;
				SWIFT_COMPILATION_MODE = wholemodule;
				SWIFT_OPTIMIZATION_LEVEL = "-O";
				VALIDATE_PRODUCT = YES;
			};
			name = Release;
		};
		EBE8F4102953D4E2001BC7B7 /* Debug */ = {
			isa = XCBuildConfiguration;
			buildSettings = {
				ASSETCATALOG_COMPILER_APPICON_NAME = AppIcon;
				ASSETCATALOG_COMPILER_GLOBAL_ACCENT_COLOR_NAME = AccentColor;
				CODE_SIGN_STYLE = Automatic;
				CURRENT_PROJECT_VERSION = 1;
				GENERATE_INFOPLIST_FILE = YES;
				INFOPLIST_FILE = WhatDo/Resources/Info.plist;
				INFOPLIST_KEY_UIApplicationSupportsIndirectInputEvents = YES;
				INFOPLIST_KEY_UILaunchStoryboardName = LaunchScreen;
				INFOPLIST_KEY_UIMainStoryboardFile = Main;
				INFOPLIST_KEY_UISupportedInterfaceOrientations_iPad = "UIInterfaceOrientationPortrait UIInterfaceOrientationPortraitUpsideDown UIInterfaceOrientationLandscapeLeft UIInterfaceOrientationLandscapeRight";
				INFOPLIST_KEY_UISupportedInterfaceOrientations_iPhone = "UIInterfaceOrientationPortrait UIInterfaceOrientationLandscapeLeft UIInterfaceOrientationLandscapeRight";
				LD_RUNPATH_SEARCH_PATHS = (
					"$(inherited)",
					"@executable_path/Frameworks",
				);
				MARKETING_VERSION = 1.0;
				PRODUCT_BUNDLE_IDENTIFIER = com.hallsArchitecture.WhatDo;
				PRODUCT_NAME = "$(TARGET_NAME)";
				SWIFT_EMIT_LOC_STRINGS = YES;
				SWIFT_VERSION = 5.0;
				TARGETED_DEVICE_FAMILY = "1,2";
			};
			name = Debug;
		};
		EBE8F4112953D4E2001BC7B7 /* Release */ = {
			isa = XCBuildConfiguration;
			buildSettings = {
				ASSETCATALOG_COMPILER_APPICON_NAME = AppIcon;
				ASSETCATALOG_COMPILER_GLOBAL_ACCENT_COLOR_NAME = AccentColor;
				CODE_SIGN_STYLE = Automatic;
				CURRENT_PROJECT_VERSION = 1;
				GENERATE_INFOPLIST_FILE = YES;
				INFOPLIST_FILE = WhatDo/Resources/Info.plist;
				INFOPLIST_KEY_UIApplicationSupportsIndirectInputEvents = YES;
				INFOPLIST_KEY_UILaunchStoryboardName = LaunchScreen;
				INFOPLIST_KEY_UIMainStoryboardFile = Main;
				INFOPLIST_KEY_UISupportedInterfaceOrientations_iPad = "UIInterfaceOrientationPortrait UIInterfaceOrientationPortraitUpsideDown UIInterfaceOrientationLandscapeLeft UIInterfaceOrientationLandscapeRight";
				INFOPLIST_KEY_UISupportedInterfaceOrientations_iPhone = "UIInterfaceOrientationPortrait UIInterfaceOrientationLandscapeLeft UIInterfaceOrientationLandscapeRight";
				LD_RUNPATH_SEARCH_PATHS = (
					"$(inherited)",
					"@executable_path/Frameworks",
				);
				MARKETING_VERSION = 1.0;
				PRODUCT_BUNDLE_IDENTIFIER = com.hallsArchitecture.WhatDo;
				PRODUCT_NAME = "$(TARGET_NAME)";
				SWIFT_EMIT_LOC_STRINGS = YES;
				SWIFT_VERSION = 5.0;
				TARGETED_DEVICE_FAMILY = "1,2";
			};
			name = Release;
		};
/* End XCBuildConfiguration section */

/* Begin XCConfigurationList section */
		EBE8F3F62953D4E0001BC7B7 /* Build configuration list for PBXProject "WhatDo" */ = {
			isa = XCConfigurationList;
			buildConfigurations = (
				EBE8F40D2953D4E2001BC7B7 /* Debug */,
				EBE8F40E2953D4E2001BC7B7 /* Release */,
			);
			defaultConfigurationIsVisible = 0;
			defaultConfigurationName = Release;
		};
		EBE8F40F2953D4E2001BC7B7 /* Build configuration list for PBXNativeTarget "WhatDo" */ = {
			isa = XCConfigurationList;
			buildConfigurations = (
				EBE8F4102953D4E2001BC7B7 /* Debug */,
				EBE8F4112953D4E2001BC7B7 /* Release */,
			);
			defaultConfigurationIsVisible = 0;
			defaultConfigurationName = Release;
		};
/* End XCConfigurationList section */
	};
	rootObject = EBE8F3F32953D4E0001BC7B7 /* Project object */;
}
