// !$*UTF8*$!
{
	archiveVersion = 1;
	classes = {
	};
	objectVersion = 56;
	objects = {

/* Begin PBXBuildFile section */
		EB0B3604295A97C800BD4713 /* HeaderLargeView.xib in Resources */ = {isa = PBXBuildFile; fileRef = EB0B3603295A97C800BD4713 /* HeaderLargeView.xib */; };
		EB0B3606295A980A00BD4713 /* HeaderSmallView.xib in Resources */ = {isa = PBXBuildFile; fileRef = EB0B3605295A980A00BD4713 /* HeaderSmallView.xib */; };
		EB0B3608295A995700BD4713 /* HeaderLargeView.swift in Sources */ = {isa = PBXBuildFile; fileRef = EB0B3607295A995700BD4713 /* HeaderLargeView.swift */; };
		EB0B360E295AB31D00BD4713 /* HomeViewController.swift in Sources */ = {isa = PBXBuildFile; fileRef = EB0B360D295AB31D00BD4713 /* HomeViewController.swift */; };
		EBE8F3FF2953D4E0001BC7B7 /* AppDelegate.swift in Sources */ = {isa = PBXBuildFile; fileRef = EBE8F3FE2953D4E0001BC7B7 /* AppDelegate.swift */; };
		EBE8F4012953D4E0001BC7B7 /* SceneDelegate.swift in Sources */ = {isa = PBXBuildFile; fileRef = EBE8F4002953D4E0001BC7B7 /* SceneDelegate.swift */; };
		EBE8F4032953D4E0001BC7B7 /* ViewController.swift in Sources */ = {isa = PBXBuildFile; fileRef = EBE8F4022953D4E0001BC7B7 /* ViewController.swift */; };
		EBE8F4062953D4E0001BC7B7 /* Main.storyboard in Resources */ = {isa = PBXBuildFile; fileRef = EBE8F4042953D4E0001BC7B7 /* Main.storyboard */; };
		EBE8F4082953D4E2001BC7B7 /* Assets.xcassets in Resources */ = {isa = PBXBuildFile; fileRef = EBE8F4072953D4E2001BC7B7 /* Assets.xcassets */; };
		EBE8F40B2953D4E2001BC7B7 /* LaunchScreen.storyboard in Resources */ = {isa = PBXBuildFile; fileRef = EBE8F4092953D4E2001BC7B7 /* LaunchScreen.storyboard */; };
		FFD1A6A92954FD800021D539 /* Bars.storyboard in Resources */ = {isa = PBXBuildFile; fileRef = FFD1A6A82954FD800021D539 /* Bars.storyboard */; };
		FFD1A6AC2955019B0021D539 /* Movie.storyboard in Resources */ = {isa = PBXBuildFile; fileRef = FFD1A6AB2955019A0021D539 /* Movie.storyboard */; };
		FFD1A6AE2955030D0021D539 /* Food.storyboard in Resources */ = {isa = PBXBuildFile; fileRef = FFD1A6AD2955030D0021D539 /* Food.storyboard */; };
		FFD1A6B029550C460021D539 /* Events.storyboard in Resources */ = {isa = PBXBuildFile; fileRef = FFD1A6AF29550C450021D539 /* Events.storyboard */; };
		FFD1A6D729566A3E0021D539 /* Roulette.storyboard in Resources */ = {isa = PBXBuildFile; fileRef = FFD1A6D629566A3E0021D539 /* Roulette.storyboard */; };
/* End PBXBuildFile section */

/* Begin PBXFileReference section */
		EB0B3603295A97C800BD4713 /* HeaderLargeView.xib */ = {isa = PBXFileReference; lastKnownFileType = file.xib; path = HeaderLargeView.xib; sourceTree = "<group>"; };
		EB0B3605295A980A00BD4713 /* HeaderSmallView.xib */ = {isa = PBXFileReference; lastKnownFileType = file.xib; path = HeaderSmallView.xib; sourceTree = "<group>"; };
		EB0B3607295A995700BD4713 /* HeaderLargeView.swift */ = {isa = PBXFileReference; lastKnownFileType = sourcecode.swift; path = HeaderLargeView.swift; sourceTree = "<group>"; };
		EB0B360D295AB31D00BD4713 /* HomeViewController.swift */ = {isa = PBXFileReference; lastKnownFileType = sourcecode.swift; path = HomeViewController.swift; sourceTree = "<group>"; };
		EBE8F3FB2953D4E0001BC7B7 /* WhatDo.app */ = {isa = PBXFileReference; explicitFileType = wrapper.application; includeInIndex = 0; path = WhatDo.app; sourceTree = BUILT_PRODUCTS_DIR; };
		EBE8F3FE2953D4E0001BC7B7 /* AppDelegate.swift */ = {isa = PBXFileReference; lastKnownFileType = sourcecode.swift; path = AppDelegate.swift; sourceTree = "<group>"; };
		EBE8F4002953D4E0001BC7B7 /* SceneDelegate.swift */ = {isa = PBXFileReference; lastKnownFileType = sourcecode.swift; path = SceneDelegate.swift; sourceTree = "<group>"; };
		EBE8F4022953D4E0001BC7B7 /* ViewController.swift */ = {isa = PBXFileReference; lastKnownFileType = sourcecode.swift; path = ViewController.swift; sourceTree = "<group>"; };
		EBE8F4052953D4E0001BC7B7 /* Base */ = {isa = PBXFileReference; lastKnownFileType = file.storyboard; name = Base; path = Base.lproj/Main.storyboard; sourceTree = "<group>"; };
		EBE8F4072953D4E2001BC7B7 /* Assets.xcassets */ = {isa = PBXFileReference; lastKnownFileType = folder.assetcatalog; path = Assets.xcassets; sourceTree = "<group>"; };
		EBE8F40A2953D4E2001BC7B7 /* Base */ = {isa = PBXFileReference; lastKnownFileType = file.storyboard; name = Base; path = Base.lproj/LaunchScreen.storyboard; sourceTree = "<group>"; };
		EBE8F40C2953D4E2001BC7B7 /* Info.plist */ = {isa = PBXFileReference; lastKnownFileType = text.plist.xml; path = Info.plist; sourceTree = "<group>"; };
		FFD1A6A82954FD800021D539 /* Bars.storyboard */ = {isa = PBXFileReference; lastKnownFileType = file.storyboard; path = Bars.storyboard; sourceTree = "<group>"; };
		FFD1A6AB2955019A0021D539 /* Movie.storyboard */ = {isa = PBXFileReference; lastKnownFileType = file.storyboard; path = Movie.storyboard; sourceTree = "<group>"; };
		FFD1A6AD2955030D0021D539 /* Food.storyboard */ = {isa = PBXFileReference; lastKnownFileType = file.storyboard; path = Food.storyboard; sourceTree = "<group>"; };
		FFD1A6AF29550C450021D539 /* Events.storyboard */ = {isa = PBXFileReference; lastKnownFileType = file.storyboard; path = Events.storyboard; sourceTree = "<group>"; };
		FFD1A6D629566A3E0021D539 /* Roulette.storyboard */ = {isa = PBXFileReference; lastKnownFileType = file.storyboard; path = Roulette.storyboard; sourceTree = "<group>"; };
/* End PBXFileReference section */

/* Begin PBXFrameworksBuildPhase section */
		EBE8F3F82953D4E0001BC7B7 /* Frameworks */ = {
			isa = PBXFrameworksBuildPhase;
			buildActionMask = 2147483647;
			files = (
			);
			runOnlyForDeploymentPostprocessing = 0;
		};
/* End PBXFrameworksBuildPhase section */

/* Begin PBXGroup section */
		EBE8F3F22953D4E0001BC7B7 = {
			isa = PBXGroup;
			children = (
				EBE8F3FD2953D4E0001BC7B7 /* WhatDo */,
				EBE8F3FC2953D4E0001BC7B7 /* Products */,
			);
			sourceTree = "<group>";
		};
		EBE8F3FC2953D4E0001BC7B7 /* Products */ = {
			isa = PBXGroup;
			children = (
				EBE8F3FB2953D4E0001BC7B7 /* WhatDo.app */,
			);
			name = Products;
			sourceTree = "<group>";
		};
		EBE8F3FD2953D4E0001BC7B7 /* WhatDo */ = {
			isa = PBXGroup;
			children = (
				EBE8F3FE2953D4E0001BC7B7 /* AppDelegate.swift */,
				EBE8F4002953D4E0001BC7B7 /* SceneDelegate.swift */,
				EBE8F4022953D4E0001BC7B7 /* ViewController.swift */,
				FFD1A6AA2954FD8C0021D539 /* Storyboards */,
				EBE8F4072953D4E2001BC7B7 /* Assets.xcassets */,
				EBE8F4092953D4E2001BC7B7 /* LaunchScreen.storyboard */,
				EBE8F40C2953D4E2001BC7B7 /* Info.plist */,
				EB0B3603295A97C800BD4713 /* HeaderLargeView.xib */,
				EB0B3605295A980A00BD4713 /* HeaderSmallView.xib */,
				EB0B3607295A995700BD4713 /* HeaderLargeView.swift */,
				EB0B360D295AB31D00BD4713 /* HomeViewController.swift */,
			);
			path = WhatDo;
			sourceTree = "<group>";
		};
		FFD1A6AA2954FD8C0021D539 /* Storyboards */ = {
			isa = PBXGroup;
			children = (
				EBE8F4042953D4E0001BC7B7 /* Main.storyboard */,
				FFD1A6A82954FD800021D539 /* Bars.storyboard */,
				FFD1A6AB2955019A0021D539 /* Movie.storyboard */,
				FFD1A6AD2955030D0021D539 /* Food.storyboard */,
				FFD1A6AF29550C450021D539 /* Events.storyboard */,
				FFD1A6D629566A3E0021D539 /* Roulette.storyboard */,
			);
			path = Storyboards;
			sourceTree = "<group>";
		};
/* End PBXGroup section */

/* Begin PBXNativeTarget section */
		EBE8F3FA2953D4E0001BC7B7 /* WhatDo */ = {
			isa = PBXNativeTarget;
			buildConfigurationList = EBE8F40F2953D4E2001BC7B7 /* Build configuration list for PBXNativeTarget "WhatDo" */;
			buildPhases = (
				EBE8F3F72953D4E0001BC7B7 /* Sources */,
				EBE8F3F82953D4E0001BC7B7 /* Frameworks */,
				EBE8F3F92953D4E0001BC7B7 /* Resources */,
			);
			buildRules = (
			);
			dependencies = (
			);
			name = WhatDo;
			productName = WhatDo;
			productReference = EBE8F3FB2953D4E0001BC7B7 /* WhatDo.app */;
			productType = "com.apple.product-type.application";
		};
/* End PBXNativeTarget section */

/* Begin PBXProject section */
		EBE8F3F32953D4E0001BC7B7 /* Project object */ = {
			isa = PBXProject;
			attributes = {
				BuildIndependentTargetsInParallel = 1;
				LastSwiftUpdateCheck = 1420;
				LastUpgradeCheck = 1420;
				TargetAttributes = {
					EBE8F3FA2953D4E0001BC7B7 = {
						CreatedOnToolsVersion = 14.2;
					};
				};
			};
			buildConfigurationList = EBE8F3F62953D4E0001BC7B7 /* Build configuration list for PBXProject "WhatDo" */;
			compatibilityVersion = "Xcode 14.0";
			developmentRegion = en;
			hasScannedForEncodings = 0;
			knownRegions = (
				en,
				Base,
			);
			mainGroup = EBE8F3F22953D4E0001BC7B7;
			productRefGroup = EBE8F3FC2953D4E0001BC7B7 /* Products */;
			projectDirPath = "";
			projectRoot = "";
			targets = (
				EBE8F3FA2953D4E0001BC7B7 /* WhatDo */,
			);
		};
/* End PBXProject section */

/* Begin PBXResourcesBuildPhase section */
		EBE8F3F92953D4E0001BC7B7 /* Resources */ = {
			isa = PBXResourcesBuildPhase;
			buildActionMask = 2147483647;
			files = (
				FFD1A6AE2955030D0021D539 /* Food.storyboard in Resources */,
				FFD1A6AC2955019B0021D539 /* Movie.storyboard in Resources */,
				FFD1A6B029550C460021D539 /* Events.storyboard in Resources */,
				EB0B3604295A97C800BD4713 /* HeaderLargeView.xib in Resources */,
				EBE8F40B2953D4E2001BC7B7 /* LaunchScreen.storyboard in Resources */,
				EBE8F4082953D4E2001BC7B7 /* Assets.xcassets in Resources */,
				FFD1A6A92954FD800021D539 /* Bars.storyboard in Resources */,
				FFD1A6D729566A3E0021D539 /* Roulette.storyboard in Resources */,
				EBE8F4062953D4E0001BC7B7 /* Main.storyboard in Resources */,
				EB0B3606295A980A00BD4713 /* HeaderSmallView.xib in Resources */,
			);
			runOnlyForDeploymentPostprocessing = 0;
		};
/* End PBXResourcesBuildPhase section */

/* Begin PBXSourcesBuildPhase section */
		EBE8F3F72953D4E0001BC7B7 /* Sources */ = {
			isa = PBXSourcesBuildPhase;
			buildActionMask = 2147483647;
			files = (
				EB0B360E295AB31D00BD4713 /* HomeViewController.swift in Sources */,
				EBE8F4032953D4E0001BC7B7 /* ViewController.swift in Sources */,
				EBE8F3FF2953D4E0001BC7B7 /* AppDelegate.swift in Sources */,
				EBE8F4012953D4E0001BC7B7 /* SceneDelegate.swift in Sources */,
				EB0B3608295A995700BD4713 /* HeaderLargeView.swift in Sources */,
			);
			runOnlyForDeploymentPostprocessing = 0;
		};
/* End PBXSourcesBuildPhase section */

/* Begin PBXVariantGroup section */
		EBE8F4042953D4E0001BC7B7 /* Main.storyboard */ = {
			isa = PBXVariantGroup;
			children = (
				EBE8F4052953D4E0001BC7B7 /* Base */,
			);
			name = Main.storyboard;
			sourceTree = "<group>";
		};
		EBE8F4092953D4E2001BC7B7 /* LaunchScreen.storyboard */ = {
			isa = PBXVariantGroup;
			children = (
				EBE8F40A2953D4E2001BC7B7 /* Base */,
			);
			name = LaunchScreen.storyboard;
			sourceTree = "<group>";
		};
/* End PBXVariantGroup section */

/* Begin XCBuildConfiguration section */
		EBE8F40D2953D4E2001BC7B7 /* Debug */ = {
			isa = XCBuildConfiguration;
			buildSettings = {
				ALWAYS_SEARCH_USER_PATHS = NO;
				CLANG_ANALYZER_NONNULL = YES;
				CLANG_ANALYZER_NUMBER_OBJECT_CONVERSION = YES_AGGRESSIVE;
				CLANG_CXX_LANGUAGE_STANDARD = "gnu++20";
				CLANG_ENABLE_MODULES = YES;
				CLANG_ENABLE_OBJC_ARC = YES;
				CLANG_ENABLE_OBJC_WEAK = YES;
				CLANG_WARN_BLOCK_CAPTURE_AUTORELEASING = YES;
				CLANG_WARN_BOOL_CONVERSION = YES;
				CLANG_WARN_COMMA = YES;
				CLANG_WARN_CONSTANT_CONVERSION = YES;
				CLANG_WARN_DEPRECATED_OBJC_IMPLEMENTATIONS = YES;
				CLANG_WARN_DIRECT_OBJC_ISA_USAGE = YES_ERROR;
				CLANG_WARN_DOCUMENTATION_COMMENTS = YES;
				CLANG_WARN_EMPTY_BODY = YES;
				CLANG_WARN_ENUM_CONVERSION = YES;
				CLANG_WARN_INFINITE_RECURSION = YES;
				CLANG_WARN_INT_CONVERSION = YES;
				CLANG_WARN_NON_LITERAL_NULL_CONVERSION = YES;
				CLANG_WARN_OBJC_IMPLICIT_RETAIN_SELF = YES;
				CLANG_WARN_OBJC_LITERAL_CONVERSION = YES;
				CLANG_WARN_OBJC_ROOT_CLASS = YES_ERROR;
				CLANG_WARN_QUOTED_INCLUDE_IN_FRAMEWORK_HEADER = YES;
				CLANG_WARN_RANGE_LOOP_ANALYSIS = YES;
				CLANG_WARN_STRICT_PROTOTYPES = YES;
				CLANG_WARN_SUSPICIOUS_MOVE = YES;
				CLANG_WARN_UNGUARDED_AVAILABILITY = YES_AGGRESSIVE;
				CLANG_WARN_UNREACHABLE_CODE = YES;
				CLANG_WARN__DUPLICATE_METHOD_MATCH = YES;
				COPY_PHASE_STRIP = NO;
				DEBUG_INFORMATION_FORMAT = dwarf;
				ENABLE_STRICT_OBJC_MSGSEND = YES;
				ENABLE_TESTABILITY = YES;
				GCC_C_LANGUAGE_STANDARD = gnu11;
				GCC_DYNAMIC_NO_PIC = NO;
				GCC_NO_COMMON_BLOCKS = YES;
				GCC_OPTIMIZATION_LEVEL = 0;
				GCC_PREPROCESSOR_DEFINITIONS = (
					"DEBUG=1",
					"$(inherited)",
				);
				GCC_WARN_64_TO_32_BIT_CONVERSION = YES;
				GCC_WARN_ABOUT_RETURN_TYPE = YES_ERROR;
				GCC_WARN_UNDECLARED_SELECTOR = YES;
				GCC_WARN_UNINITIALIZED_AUTOS = YES_AGGRESSIVE;
				GCC_WARN_UNUSED_FUNCTION = YES;
				GCC_WARN_UNUSED_VARIABLE = YES;
				IPHONEOS_DEPLOYMENT_TARGET = 16.2;
				MTL_ENABLE_DEBUG_INFO = INCLUDE_SOURCE;
				MTL_FAST_MATH = YES;
				ONLY_ACTIVE_ARCH = YES;
				SDKROOT = iphoneos;
				SWIFT_ACTIVE_COMPILATION_CONDITIONS = DEBUG;
				SWIFT_OPTIMIZATION_LEVEL = "-Onone";
			};
			name = Debug;
		};
		EBE8F40E2953D4E2001BC7B7 /* Release */ = {
			isa = XCBuildConfiguration;
			buildSettings = {
				ALWAYS_SEARCH_USER_PATHS = NO;
				CLANG_ANALYZER_NONNULL = YES;
				CLANG_ANALYZER_NUMBER_OBJECT_CONVERSION = YES_AGGRESSIVE;
				CLANG_CXX_LANGUAGE_STANDARD = "gnu++20";
				CLANG_ENABLE_MODULES = YES;
				CLANG_ENABLE_OBJC_ARC = YES;
				CLANG_ENABLE_OBJC_WEAK = YES;
				CLANG_WARN_BLOCK_CAPTURE_AUTORELEASING = YES;
				CLANG_WARN_BOOL_CONVERSION = YES;
				CLANG_WARN_COMMA = YES;
				CLANG_WARN_CONSTANT_CONVERSION = YES;
				CLANG_WARN_DEPRECATED_OBJC_IMPLEMENTATIONS = YES;
				CLANG_WARN_DIRECT_OBJC_ISA_USAGE = YES_ERROR;
				CLANG_WARN_DOCUMENTATION_COMMENTS = YES;
				CLANG_WARN_EMPTY_BODY = YES;
				CLANG_WARN_ENUM_CONVERSION = YES;
				CLANG_WARN_INFINITE_RECURSION = YES;
				CLANG_WARN_INT_CONVERSION = YES;
				CLANG_WARN_NON_LITERAL_NULL_CONVERSION = YES;
				CLANG_WARN_OBJC_IMPLICIT_RETAIN_SELF = YES;
				CLANG_WARN_OBJC_LITERAL_CONVERSION = YES;
				CLANG_WARN_OBJC_ROOT_CLASS = YES_ERROR;
				CLANG_WARN_QUOTED_INCLUDE_IN_FRAMEWORK_HEADER = YES;
				CLANG_WARN_RANGE_LOOP_ANALYSIS = YES;
				CLANG_WARN_STRICT_PROTOTYPES = YES;
				CLANG_WARN_SUSPICIOUS_MOVE = YES;
				CLANG_WARN_UNGUARDED_AVAILABILITY = YES_AGGRESSIVE;
				CLANG_WARN_UNREACHABLE_CODE = YES;
				CLANG_WARN__DUPLICATE_METHOD_MATCH = YES;
				COPY_PHASE_STRIP = NO;
				DEBUG_INFORMATION_FORMAT = "dwarf-with-dsym";
				ENABLE_NS_ASSERTIONS = NO;
				ENABLE_STRICT_OBJC_MSGSEND = YES;
				GCC_C_LANGUAGE_STANDARD = gnu11;
				GCC_NO_COMMON_BLOCKS = YES;
				GCC_WARN_64_TO_32_BIT_CONVERSION = YES;
				GCC_WARN_ABOUT_RETURN_TYPE = YES_ERROR;
				GCC_WARN_UNDECLARED_SELECTOR = YES;
				GCC_WARN_UNINITIALIZED_AUTOS = YES_AGGRESSIVE;
				GCC_WARN_UNUSED_FUNCTION = YES;
				GCC_WARN_UNUSED_VARIABLE = YES;
				IPHONEOS_DEPLOYMENT_TARGET = 16.2;
				MTL_ENABLE_DEBUG_INFO = NO;
				MTL_FAST_MATH = YES;
				SDKROOT = iphoneos;
				SWIFT_COMPILATION_MODE = wholemodule;
				SWIFT_OPTIMIZATION_LEVEL = "-O";
				VALIDATE_PRODUCT = YES;
			};
			name = Release;
		};
		EBE8F4102953D4E2001BC7B7 /* Debug */ = {
			isa = XCBuildConfiguration;
			buildSettings = {
				ASSETCATALOG_COMPILER_APPICON_NAME = AppIcon;
				ASSETCATALOG_COMPILER_GLOBAL_ACCENT_COLOR_NAME = AccentColor;
				CODE_SIGN_STYLE = Automatic;
				CURRENT_PROJECT_VERSION = 1;
				GENERATE_INFOPLIST_FILE = YES;
				INFOPLIST_FILE = WhatDo/Info.plist;
				INFOPLIST_KEY_UIApplicationSupportsIndirectInputEvents = YES;
				INFOPLIST_KEY_UILaunchStoryboardName = LaunchScreen;
				INFOPLIST_KEY_UIMainStoryboardFile = Main;
				INFOPLIST_KEY_UISupportedInterfaceOrientations_iPad = "UIInterfaceOrientationPortrait UIInterfaceOrientationPortraitUpsideDown UIInterfaceOrientationLandscapeLeft UIInterfaceOrientationLandscapeRight";
				INFOPLIST_KEY_UISupportedInterfaceOrientations_iPhone = "UIInterfaceOrientationPortrait UIInterfaceOrientationLandscapeLeft UIInterfaceOrientationLandscapeRight";
				LD_RUNPATH_SEARCH_PATHS = (
					"$(inherited)",
					"@executable_path/Frameworks",
				);
				MARKETING_VERSION = 1.0;
				PRODUCT_BUNDLE_IDENTIFIER = com.hallsArchitecture.WhatDo;
				PRODUCT_NAME = "$(TARGET_NAME)";
				SWIFT_EMIT_LOC_STRINGS = YES;
				SWIFT_VERSION = 5.0;
				TARGETED_DEVICE_FAMILY = "1,2";
			};
			name = Debug;
		};
		EBE8F4112953D4E2001BC7B7 /* Release */ = {
			isa = XCBuildConfiguration;
			buildSettings = {
				ASSETCATALOG_COMPILER_APPICON_NAME = AppIcon;
				ASSETCATALOG_COMPILER_GLOBAL_ACCENT_COLOR_NAME = AccentColor;
				CODE_SIGN_STYLE = Automatic;
				CURRENT_PROJECT_VERSION = 1;
				GENERATE_INFOPLIST_FILE = YES;
				INFOPLIST_FILE = WhatDo/Info.plist;
				INFOPLIST_KEY_UIApplicationSupportsIndirectInputEvents = YES;
				INFOPLIST_KEY_UILaunchStoryboardName = LaunchScreen;
				INFOPLIST_KEY_UIMainStoryboardFile = Main;
				INFOPLIST_KEY_UISupportedInterfaceOrientations_iPad = "UIInterfaceOrientationPortrait UIInterfaceOrientationPortraitUpsideDown UIInterfaceOrientationLandscapeLeft UIInterfaceOrientationLandscapeRight";
				INFOPLIST_KEY_UISupportedInterfaceOrientations_iPhone = "UIInterfaceOrientationPortrait UIInterfaceOrientationLandscapeLeft UIInterfaceOrientationLandscapeRight";
				LD_RUNPATH_SEARCH_PATHS = (
					"$(inherited)",
					"@executable_path/Frameworks",
				);
				MARKETING_VERSION = 1.0;
				PRODUCT_BUNDLE_IDENTIFIER = com.hallsArchitecture.WhatDo;
				PRODUCT_NAME = "$(TARGET_NAME)";
				SWIFT_EMIT_LOC_STRINGS = YES;
				SWIFT_VERSION = 5.0;
				TARGETED_DEVICE_FAMILY = "1,2";
			};
			name = Release;
		};
/* End XCBuildConfiguration section */

/* Begin XCConfigurationList section */
		EBE8F3F62953D4E0001BC7B7 /* Build configuration list for PBXProject "WhatDo" */ = {
			isa = XCConfigurationList;
			buildConfigurations = (
				EBE8F40D2953D4E2001BC7B7 /* Debug */,
				EBE8F40E2953D4E2001BC7B7 /* Release */,
			);
			defaultConfigurationIsVisible = 0;
			defaultConfigurationName = Release;
		};
		EBE8F40F2953D4E2001BC7B7 /* Build configuration list for PBXNativeTarget "WhatDo" */ = {
			isa = XCConfigurationList;
			buildConfigurations = (
				EBE8F4102953D4E2001BC7B7 /* Debug */,
				EBE8F4112953D4E2001BC7B7 /* Release */,
			);
			defaultConfigurationIsVisible = 0;
			defaultConfigurationName = Release;
		};
/* End XCConfigurationList section */
	};
	rootObject = EBE8F3F32953D4E0001BC7B7 /* Project object */;
}
